<?xml version="1.0" encoding="utf-8"?>
<Project ToolsVersion="4.0" xmlns="http://schemas.microsoft.com/developer/msbuild/2003">
  <ItemGroup>
    <ClCompile Include="..\rdx\rdx_thread_win32.cpp">
      <Filter>Source Files</Filter>
    </ClCompile>
    <ClCompile Include="..\rdx\rdx_unified.cpp">
      <Filter>Source Files</Filter>
    </ClCompile>
    <ClCompile Include="..\rdx\rdx.cpp">
      <Filter>Source Files</Filter>
    </ClCompile>
    <ClCompile Include="..\rdx\rdx_atof.cpp">
      <Filter>Source Files</Filter>
    </ClCompile>
    <ClCompile Include="..\rdx\rdx_boolserializer.cpp">
      <Filter>Source Files</Filter>
    </ClCompile>
    <ClCompile Include="..\rdx\rdx_builtins.cpp">
      <Filter>Source Files</Filter>
    </ClCompile>
    <ClCompile Include="..\rdx\rdx_constants.cpp">
      <Filter>Source Files</Filter>
    </ClCompile>
    <ClCompile Include="..\rdx\rdx_dynlib.cpp">
      <Filter>Source Files</Filter>
    </ClCompile>
    <ClCompile Include="..\rdx\rdx_ilcomp.cpp">
      <Filter>Source Files</Filter>
    </ClCompile>
    <ClCompile Include="..\rdx\rdx_ildecompile.cpp">
      <Filter>Source Files</Filter>
    </ClCompile>
    <ClCompile Include="..\rdx\rdx_interpret.cpp">
      <Filter>Source Files</Filter>
    </ClCompile>
    <ClCompile Include="..\rdx\rdx_intrinsics.cpp">
      <Filter>Source Files</Filter>
    </ClCompile>
    <ClCompile Include="..\rdx\rdx_method.cpp">
      <Filter>Source Files</Filter>
    </ClCompile>
    <ClCompile Include="..\rdx\rdx_nullcodeprovider.cpp">
      <Filter>Source Files</Filter>
    </ClCompile>
    <ClCompile Include="..\rdx\rdx_objectloader.cpp">
      <Filter>Source Files</Filter>
    </ClCompile>
    <ClCompile Include="..\rdx\rdx_objectmanager.cpp">
      <Filter>Source Files</Filter>
    </ClCompile>
    <ClCompile Include="..\rdx\rdx_plugin_numerictypes.cpp">
      <Filter>Source Files</Filter>
    </ClCompile>
    <ClCompile Include="..\rdx\rdx_precompiled.cpp">
      <Filter>Source Files</Filter>
    </ClCompile>
    <ClCompile Include="..\rdx\rdx_requiredtypes.cpp">
      <Filter>Source Files</Filter>
    </ClCompile>
    <ClCompile Include="..\rdx\rdx_runtime.cpp">
      <Filter>Source Files</Filter>
    </ClCompile>
    <ClCompile Include="..\rdx\rdx_serialize.cpp">
      <Filter>Source Files</Filter>
    </ClCompile>
    <ClCompile Include="..\rdx\rdx_shellexec.cpp">
      <Filter>Source Files</Filter>
    </ClCompile>
    <ClCompile Include="..\rdx\rdx_sourceexport.cpp">
      <Filter>Source Files</Filter>
    </ClCompile>
    <ClCompile Include="..\rdx\rdx_string.cpp">
      <Filter>Source Files</Filter>
    </ClCompile>
    <ClCompile Include="..\rdx\rdx_stringserializer.cpp">
      <Filter>Source Files</Filter>
    </ClCompile>
    <ClCompile Include="..\rdx\rdx_structuredtype.cpp">
      <Filter>Source Files</Filter>
    </ClCompile>
    <ClCompile Include="..\rdx\rdx_utility.cpp">
      <Filter>Source Files</Filter>
    </ClCompile>
    <ClCompile Include="..\rdx\rdx_varying.cpp">
      <Filter>Source Files</Filter>
    </ClCompile>
    <ClCompile Include="..\rdx\rdx_zonepolicy.cpp">
      <Filter>Source Files</Filter>
    </ClCompile>
    <ClCompile Include="..\rdx\rdx_isolationtext.cpp">
      <Filter>Source Files</Filter>
    </ClCompile>
    <ClCompile Include="..\rdx\rdx_containers.cpp">
      <Filter>Source Files</Filter>
    </ClCompile>
    <ClCompile Include="..\rdx\rdx_placeholders.cpp">
      <Filter>Source Files</Filter>
    </ClCompile>
    <ClCompile Include="..\rdx\rdx_typeinfoimpls.cpp">
      <Filter>Source Files</Filter>
    </ClCompile>
    <ClCompile Include="..\rdx\rdx_coretypes.cpp">
      <Filter>Source Files</Filter>
    </ClCompile>
    <ClCompile Include="..\rdx\rdx_ilcomp2.cpp">
      <Filter>Source Files</Filter>
    </ClCompile>
    <ClCompile Include="..\rdx\rdx_ilcomp3.cpp">
      <Filter>Source Files</Filter>
    </ClCompile>
    <ClCompile Include="..\lz4\lz4.c">
      <Filter>Source Files</Filter>
    </ClCompile>
    <ClCompile Include="..\rdx\rdx_ilopcodes.cpp">
      <Filter>Source Files</Filter>
    </ClCompile>
    <ClCompile Include="..\rdx\rdx_interpret2.cpp">
      <Filter>Source Files</Filter>
    </ClCompile>
    <ClCompile Include="..\rdx\rdx_pccm_env.cpp">
      <Filter>Source Files</Filter>
    </ClCompile>
  </ItemGroup>
  <ItemGroup>
    <ClInclude Include="..\rdx\rdx.h">
      <Filter>Header Files</Filter>
    </ClInclude>
    <ClInclude Include="..\rdx\rdx_appservices.hpp">
      <Filter>Header Files</Filter>
    </ClInclude>
    <ClInclude Include="..\rdx\rdx_basictypes.hpp">
      <Filter>Header Files</Filter>
    </ClInclude>
    <ClInclude Include="..\rdx\rdx_blockcopy.hpp">
      <Filter>Header Files</Filter>
    </ClInclude>
    <ClInclude Include="..\rdx\rdx_hashmap.hpp">
      <Filter>Header Files</Filter>
    </ClInclude>
    <ClInclude Include="..\rdx\rdx_constants.hpp">
      <Filter>Header Files</Filter>
    </ClInclude>
    <ClInclude Include="..\rdx\rdx_ilcomp.hpp">
      <Filter>Header Files</Filter>
    </ClInclude>
    <ClInclude Include="..\rdx\rdx_interpret.hpp">
      <Filter>Header Files</Filter>
    </ClInclude>
    <ClInclude Include="..\rdx\rdx_zonepolicy.hpp">
      <Filter>Header Files</Filter>
    </ClInclude>
    <ClInclude Include="..\rdx\rdx_intrinsics.hpp">
      <Filter>Header Files</Filter>
    </ClInclude>
    <ClInclude Include="..\rdx\rdx_io.hpp">
      <Filter>Header Files</Filter>
    </ClInclude>
    <ClInclude Include="..\rdx\rdx_longflow.hpp">
      <Filter>Header Files</Filter>
    </ClInclude>
    <ClInclude Include="..\rdx\rdx_lut.hpp">
      <Filter>Header Files</Filter>
    </ClInclude>
    <ClInclude Include="..\rdx\rdx_marshal.hpp">
      <Filter>Header Files</Filter>
    </ClInclude>
    <ClInclude Include="..\rdx\rdx_objectloader.hpp">
      <Filter>Header Files</Filter>
    </ClInclude>
    <ClInclude Include="..\rdx\rdx_objectmanagement.hpp">
      <Filter>Header Files</Filter>
    </ClInclude>
    <ClInclude Include="..\rdx\rdx_opcodes.hpp">
      <Filter>Header Files</Filter>
    </ClInclude>
    <ClInclude Include="..\rdx\rdx_platform.hpp">
      <Filter>Header Files</Filter>
    </ClInclude>
    <ClInclude Include="..\rdx\rdx_plugin.hpp">
      <Filter>Header Files</Filter>
    </ClInclude>
    <ClInclude Include="..\rdx\rdx_pragmas.hpp">
      <Filter>Header Files</Filter>
    </ClInclude>
    <ClInclude Include="..\rdx\rdx_processing.hpp">
      <Filter>Header Files</Filter>
    </ClInclude>
    <ClInclude Include="..\rdx\rdx_programmability.hpp">
      <Filter>Header Files</Filter>
    </ClInclude>
    <ClInclude Include="..\rdx\rdx_runtime.hpp">
      <Filter>Header Files</Filter>
    </ClInclude>
    <ClInclude Include="..\rdx\rdx_threading.hpp">
      <Filter>Header Files</Filter>
    </ClInclude>
    <ClInclude Include="..\rdx\rdx_utility.hpp">
      <Filter>Header Files</Filter>
    </ClInclude>
    <ClInclude Include="..\rdx\rdx_nullcodeprovider.hpp">
      <Filter>Header Files</Filter>
    </ClInclude>
    <ClInclude Include="..\rdx\rdx_pccm.hpp">
      <Filter>Header Files</Filter>
    </ClInclude>
    <ClInclude Include="..\rdx\rdx_steal.hpp">
      <Filter>Header Files</Filter>
    </ClInclude>
    <ClInclude Include="..\rdx\rdx_typeprocessor.hpp">
      <Filter>Header Files</Filter>
    </ClInclude>
    <ClInclude Include="..\rdx\rdx_superresolver.hpp">
      <Filter>Header Files</Filter>
    </ClInclude>
    <ClInclude Include="..\rdx\rdx_objectmanagement_internal.hpp">
      <Filter>Header Files</Filter>
    </ClInclude>
    <ClInclude Include="..\rdx\rdx_typerelationships.hpp">
      <Filter>Header Files</Filter>
    </ClInclude>
    <ClInclude Include="..\rdx\rdx_containertracking.h">
      <Filter>Header Files</Filter>
    </ClInclude>
    <ClInclude Include="..\rdx\rdx_aliasing.hpp">
      <Filter>Header Files</Filter>
    </ClInclude>
    <ClInclude Include="..\rdx\rdx_guid.hpp">
      <Filter>Header Files</Filter>
    </ClInclude>
    <ClInclude Include="..\rdx\rdx_signalproxy.hpp">
      <Filter>Header Files</Filter>
    </ClInclude>
    <ClInclude Include="..\rdx\rdx_cval.hpp">
      <Filter>Header Files</Filter>
    </ClInclude>
    <ClInclude Include="..\rdx\rdx_conditionaltype.hpp">
      <Filter>Header Files</Filter>
    </ClInclude>
    <ClInclude Include="..\rdx\rdx_coretypes.hpp">
      <Filter>Header Files</Filter>
    </ClInclude>
    <ClInclude Include="..\rdx\rdx_reftypealiases.hpp">
      <Filter>Header Files</Filter>
    </ClInclude>
    <ClInclude Include="..\rdx\rdx_gcinfo.hpp">
      <Filter>Header Files</Filter>
    </ClInclude>
    <ClInclude Include="..\rdx\rdx_serializationtag.hpp">
      <Filter>Header Files</Filter>
    </ClInclude>
    <ClInclude Include="..\rdx\rdx_objectguid.hpp">
      <Filter>Header Files</Filter>
    </ClInclude>
    <ClInclude Include="..\rdx\rdx_loadshell.hpp">
      <Filter>Header Files</Filter>
    </ClInclude>
    <ClInclude Include="..\rdx\rdx_arraydefprototype.hpp">
      <Filter>Header Files</Filter>
    </ClInclude>
    <ClInclude Include="..\rdx\rdx_builtins.hpp">
      <Filter>Header Files</Filter>
    </ClInclude>
    <ClInclude Include="..\rdx\rdx_reftypedefs.hpp">
      <Filter>Header Files</Filter>
    </ClInclude>
    <ClInclude Include="..\rdx\rdx_atomic.hpp">
      <Filter>Header Files</Filter>
    </ClInclude>
    <ClInclude Include="..\rdx\rdx_lutdecls.hpp">
      <Filter>Header Files</Filter>
    </ClInclude>
    <ClInclude Include="..\rdx\rdx_runtimestackvalue.hpp">
      <Filter>Header Files</Filter>
    </ClInclude>
    <ClInclude Include="..\rdx\rdx_varying.hpp">
      <Filter>Header Files</Filter>
    </ClInclude>
    <ClInclude Include="..\rdx\rdx_langutils.hpp">
      <Filter>Header Files</Filter>
    </ClInclude>
    <ClInclude Include="..\rdx\rdx_objectmanagement_code.hpp">
      <Filter>Header Files</Filter>
    </ClInclude>
    <ClInclude Include="..\rdx\rdx_package.hpp">
      <Filter>Header Files</Filter>
    </ClInclude>
    <ClInclude Include="..\rdx\rdx_coretypeattribs.hpp">
      <Filter>Header Files</Filter>
    </ClInclude>
    <ClInclude Include="..\rdx\rdx_atomic_win32.hpp">
      <Filter>Header Files</Filter>
    </ClInclude>
    <ClInclude Include="..\rdx\rdx_builtindomain.hpp">
      <Filter>Header Files</Filter>
    </ClInclude>
    <ClInclude Include="..\rdx\rdx_debugtypeinspector.hpp">
      <Filter>Header Files</Filter>
    </ClInclude>
    <ClInclude Include="..\rdx\rdx_packagesymbolloc.hpp">
      <Filter>Header Files</Filter>
    </ClInclude>
    <ClInclude Include="..\rdx\rdx_packagereference.hpp">
      <Filter>Header Files</Filter>
    </ClInclude>
    <ClInclude Include="..\rdx\rdx_breakcause.hpp">
      <Filter>Header Files</Filter>
    </ClInclude>
    <ClInclude Include="..\rdx\rdx_errorcodes.hpp">
      <Filter>Header Files</Filter>
    </ClInclude>
    <ClInclude Include="..\rdx\rdx_operators.hpp">
      <Filter>Header Files</Filter>
    </ClInclude>
    <ClInclude Include="..\rdx\rdx_wrapproc.hpp">
      <Filter>Header Files</Filter>
    </ClInclude>
    <ClInclude Include="..\rdx\rdx_atomic_win32_msvc.hpp">
      <Filter>Header Files</Filter>
    </ClInclude>
    <ClInclude Include="..\rdx\rdx_atomic_x86_msvc.hpp">
      <Filter>Source Files</Filter>
    </ClInclude>
    <ClInclude Include="..\rdx\rdx_murmur3.hpp">
      <Filter>Header Files</Filter>
    </ClInclude>
    <ClInclude Include="..\rdx\rdx_api.hpp">
      <Filter>Source Files</Filter>
    </ClInclude>
    <ClInclude Include="..\rdx\rdx_callbacks.hpp">
      <Filter>Header Files</Filter>
    </ClInclude>
    <ClInclude Include="..\rdx\rdx_precompiled.hpp">
      <Filter>Header Files</Filter>
    </ClInclude>
    <ClInclude Include="..\rdx\rdx_gcslots.hpp">
      <Filter>Header Files</Filter>
    </ClInclude>
    <ClInclude Include="..\rdx\rdx_ilopcodes.hpp">
      <Filter>Header Files</Filter>
    </ClInclude>
    <ClInclude Include="..\rdx\rdx_interpret_internal.hpp">
      <Filter>Header Files</Filter>
    </ClInclude>
    <ClInclude Include="..\rdx\rdx_murmur2.hpp">
      <Filter>Header Files</Filter>
    </ClInclude>
    <ClInclude Include="..\rdx\rdx_pccm_api.hpp">
      <Filter>Header Files</Filter>
    </ClInclude>
    <ClInclude Include="..\rdx\rdx_reftypecode_baseref.hpp">
      <Filter>Header Files</Filter>
    </ClInclude>
    <ClInclude Include="..\rdx\rdx_reftypecode_rtref.hpp">
      <Filter>Header Files</Filter>
    </ClInclude>
    <ClInclude Include="..\rdx\rdx_reftypecode_ref.hpp">
      <Filter>Header Files</Filter>
    </ClInclude>
    <ClInclude Include="..\rdx\rdx_interpret_opcodes.hpp">
      <Filter>Source Files</Filter>
    </ClInclude>
    <ClInclude Include="..\rdx\rdx_cpp_abi.hpp">
      <Filter>Source Files</Filter>
    </ClInclude>
    <ClInclude Include="..\rdx\rdx_pccm_callback.hpp">
      <Filter>Header Files</Filter>
    </ClInclude>
    <ClInclude Include="..\rdx\rdx_pccm_env.hpp">
      <Filter>Source Files</Filter>
    </ClInclude>
    <ClInclude Include="..\rdx\rdx_namegenerator.hpp">
      <Filter>Header Files</Filter>
    </ClInclude>
  </ItemGroup>
  <ItemGroup>
    <Filter Include="Header Files">
      <UniqueIdentifier>{37ce4d81-2d8e-4cac-9336-0289a5ebbc14}</UniqueIdentifier>
    </Filter>
    <Filter Include="Source Files">
      <UniqueIdentifier>{a7d741eb-706b-4e98-91fb-543e06374349}</UniqueIdentifier>
    </Filter>
  </ItemGroup>
  <ItemGroup>
    <None Include="..\rdx\rdx_reftypecode.hpp">
      <Filter>Header Files</Filter>
    </None>
  </ItemGroup>
</Project>